
Microsoft Visual Studio Solution File, Format Version 12.00
# Visual Studio Version 17
VisualStudioVersion = 17.5.001.0
MinimumVisualStudioVersion = 10.0.40219.1
Project("{9A19103F-16F7-4668-BE54-9A1E7A4F7556}") = "Adapter", "Adapter.csproj", "{146C5364-75E2-492F-B575-EEF19CA8E570}"
EndProject
Global
	GlobalSection(SolutionConfigurationPlatforms) = preSolution
		Debug|Any CPU = Debug|Any CPU
		Release|Any CPU = Release|Any CPU
	EndGlobalSection
	GlobalSection(ProjectConfigurationPlatforms) = postSolution
		{146C5364-75E2-492F-B575-EEF19CA8E570}.Debug|Any CPU.ActiveCfg = Debug|Any CPU
		{146C5364-75E2-492F-B575-EEF19CA8E570}.Debug|Any CPU.Build.0 = Debug|Any CPU
		{146C5364-75E2-492F-B575-EEF19CA8E570}.Release|Any CPU.ActiveCfg = Release|Any CPU
		{146C5364-75E2-492F-B575-EEF19CA8E570}.Release|Any CPU.Build.0 = Release|Any CPU
	EndGlobalSection
	GlobalSection(SolutionProperties) = preSolution
		HideSolutionNode = FALSE
	EndGlobalSection
	GlobalSection(ExtensibilityGlobals) = postSolution
		SolutionGuid = {601925B1-7BCC-4B89-A010-5EDD9EADECB4}
	EndGlobalSection
EndGlobal
