
Microsoft Visual Studio Solution File, Format Version 12.00
# Visual Studio Version 17
VisualStudioVersion = 17.5.002.0
MinimumVisualStudioVersion = 10.0.40219.1
Project("{9A19103F-16F7-4668-BE54-9A1E7A4F7556}") = "TemplateMethod", "TemplateMethod.csproj", "{9C709BEE-FE97-457F-BBFC-2F8F943B0F92}"
EndProject
Global
	GlobalSection(SolutionConfigurationPlatforms) = preSolution
		Debug|Any CPU = Debug|Any CPU
		Release|Any CPU = Release|Any CPU
	EndGlobalSection
	GlobalSection(ProjectConfigurationPlatforms) = postSolution
		{9C709BEE-FE97-457F-BBFC-2F8F943B0F92}.Debug|Any CPU.ActiveCfg = Debug|Any CPU
		{9C709BEE-FE97-457F-BBFC-2F8F943B0F92}.Debug|Any CPU.Build.0 = Debug|Any CPU
		{9C709BEE-FE97-457F-BBFC-2F8F943B0F92}.Release|Any CPU.ActiveCfg = Release|Any CPU
		{9C709BEE-FE97-457F-BBFC-2F8F943B0F92}.Release|Any CPU.Build.0 = Release|Any CPU
	EndGlobalSection
	GlobalSection(SolutionProperties) = preSolution
		HideSolutionNode = FALSE
	EndGlobalSection
	GlobalSection(ExtensibilityGlobals) = postSolution
		SolutionGuid = {0FCB7F0A-039B-47CD-8E4F-598700379B0F}
	EndGlobalSection
EndGlobal
