
Microsoft Visual Studio Solution File, Format Version 12.00
# Visual Studio Version 17
VisualStudioVersion = 17.5.002.0
MinimumVisualStudioVersion = 10.0.40219.1
Project("{9A19103F-16F7-4668-BE54-9A1E7A4F7556}") = "Facade", "Facade.csproj", "{51C85D3F-DBB8-41CA-A484-1531E3A85664}"
EndProject
Global
	GlobalSection(SolutionConfigurationPlatforms) = preSolution
		Debug|Any CPU = Debug|Any CPU
		Release|Any CPU = Release|Any CPU
	EndGlobalSection
	GlobalSection(ProjectConfigurationPlatforms) = postSolution
		{51C85D3F-DBB8-41CA-A484-1531E3A85664}.Debug|Any CPU.ActiveCfg = Debug|Any CPU
		{51C85D3F-DBB8-41CA-A484-1531E3A85664}.Debug|Any CPU.Build.0 = Debug|Any CPU
		{51C85D3F-DBB8-41CA-A484-1531E3A85664}.Release|Any CPU.ActiveCfg = Release|Any CPU
		{51C85D3F-DBB8-41CA-A484-1531E3A85664}.Release|Any CPU.Build.0 = Release|Any CPU
	EndGlobalSection
	GlobalSection(SolutionProperties) = preSolution
		HideSolutionNode = FALSE
	EndGlobalSection
	GlobalSection(ExtensibilityGlobals) = postSolution
		SolutionGuid = {F8AA1CB3-B27E-42FA-8763-A879D9C96670}
	EndGlobalSection
EndGlobal
